
Microsoft Visual Studio Solution File, Format Version 12.00
# Visual Studio 14
VisualStudioVersion = 14.0.24720.0
MinimumVisualStudioVersion = 10.0.40219.1
Project("{8BC9CEB8-8B4A-11D0-8D11-00A0C91BC942}") = "Øving 9", "Øving 9\Øving 9.vcxproj", "{FA516B66-5EA5-4C31-BC98-662B0342C6D3}"
EndProject
Project("{8BC9CEB8-8B4A-11D0-8D11-00A0C91BC942}") = "Spaceship", "Spaceship\Spaceship.vcxproj", "{12A76147-2307-4DC0-AA08-7F9220738F64}"
EndProject
Global
	GlobalSection(SolutionConfigurationPlatforms) = preSolution
		Debug|x64 = Debug|x64
		Debug|x86 = Debug|x86
		Release|x64 = Release|x64
		Release|x86 = Release|x86
	EndGlobalSection
	GlobalSection(ProjectConfigurationPlatforms) = postSolution
		{FA516B66-5EA5-4C31-BC98-662B0342C6D3}.Debug|x64.ActiveCfg = Debug|x64
		{FA516B66-5EA5-4C31-BC98-662B0342C6D3}.Debug|x64.Build.0 = Debug|x64
		{FA516B66-5EA5-4C31-BC98-662B0342C6D3}.Debug|x86.ActiveCfg = Debug|Win32
		{FA516B66-5EA5-4C31-BC98-662B0342C6D3}.Debug|x86.Build.0 = Debug|Win32
		{FA516B66-5EA5-4C31-BC98-662B0342C6D3}.Release|x64.ActiveCfg = Release|x64
		{FA516B66-5EA5-4C31-BC98-662B0342C6D3}.Release|x64.Build.0 = Release|x64
		{FA516B66-5EA5-4C31-BC98-662B0342C6D3}.Release|x86.ActiveCfg = Release|Win32
		{FA516B66-5EA5-4C31-BC98-662B0342C6D3}.Release|x86.Build.0 = Release|Win32
		{12A76147-2307-4DC0-AA08-7F9220738F64}.Debug|x64.ActiveCfg = Debug|x64
		{12A76147-2307-4DC0-AA08-7F9220738F64}.Debug|x64.Build.0 = Debug|x64
		{12A76147-2307-4DC0-AA08-7F9220738F64}.Debug|x86.ActiveCfg = Debug|Win32
		{12A76147-2307-4DC0-AA08-7F9220738F64}.Debug|x86.Build.0 = Debug|Win32
		{12A76147-2307-4DC0-AA08-7F9220738F64}.Release|x64.ActiveCfg = Release|x64
		{12A76147-2307-4DC0-AA08-7F9220738F64}.Release|x64.Build.0 = Release|x64
		{12A76147-2307-4DC0-AA08-7F9220738F64}.Release|x86.ActiveCfg = Release|Win32
		{12A76147-2307-4DC0-AA08-7F9220738F64}.Release|x86.Build.0 = Release|Win32
	EndGlobalSection
	GlobalSection(SolutionProperties) = preSolution
		HideSolutionNode = FALSE
	EndGlobalSection
EndGlobal
